
Microsoft Visual Studio Solution File, Format Version 12.00
# Visual Studio Version 17
VisualStudioVersion = 17.5.33414.496
MinimumVisualStudioVersion = 10.0.40219.1
Project("{FAE04EC0-301F-11D3-BF4B-00C04F79EFBC}") = "YT_Testing IProperty WinForms", "YT_Testing IProperty WinForms\YT_Testing IProperty WinForms.csproj", "{276FC826-4FED-460F-9438-F7BC66EDAA6C}"
EndProject
Project("{FAE04EC0-301F-11D3-BF4B-00C04F79EFBC}") = "YET_Testing IProperty Winforms via Class", "YET_Testing IProperty Winforms via Class\YET_Testing IProperty Winforms via Class.csproj", "{D9804072-6EFE-4DB6-A999-CDACAD62765D}"
EndProject
Global
	GlobalSection(SolutionConfigurationPlatforms) = preSolution
		Debug|Any CPU = Debug|Any CPU
		Release|Any CPU = Release|Any CPU
	EndGlobalSection
	GlobalSection(ProjectConfigurationPlatforms) = postSolution
		{276FC826-4FED-460F-9438-F7BC66EDAA6C}.Debug|Any CPU.ActiveCfg = Debug|Any CPU
		{276FC826-4FED-460F-9438-F7BC66EDAA6C}.Debug|Any CPU.Build.0 = Debug|Any CPU
		{276FC826-4FED-460F-9438-F7BC66EDAA6C}.Release|Any CPU.ActiveCfg = Release|Any CPU
		{276FC826-4FED-460F-9438-F7BC66EDAA6C}.Release|Any CPU.Build.0 = Release|Any CPU
		{D9804072-6EFE-4DB6-A999-CDACAD62765D}.Debug|Any CPU.ActiveCfg = Debug|Any CPU
		{D9804072-6EFE-4DB6-A999-CDACAD62765D}.Debug|Any CPU.Build.0 = Debug|Any CPU
		{D9804072-6EFE-4DB6-A999-CDACAD62765D}.Release|Any CPU.ActiveCfg = Release|Any CPU
		{D9804072-6EFE-4DB6-A999-CDACAD62765D}.Release|Any CPU.Build.0 = Release|Any CPU
	EndGlobalSection
	GlobalSection(SolutionProperties) = preSolution
		HideSolutionNode = FALSE
	EndGlobalSection
	GlobalSection(ExtensibilityGlobals) = postSolution
		SolutionGuid = {65E20693-B618-4B26-AB81-01A19CAFBFDD}
	EndGlobalSection
EndGlobal
